
Microsoft Visual Studio Solution File, Format Version 12.00
# Visual Studio 15
VisualStudioVersion = 15.0.28010.2016
MinimumVisualStudioVersion = 10.0.40219.1
Project("{FAE04EC0-301F-11D3-BF4B-00C04F79EFBC}") = "Day10", "Day10\Day10.csproj", "{F1F5F45C-33EB-4F38-9FFE-827D7DFBC86B}"
EndProject
Global
	GlobalSection(SolutionConfigurationPlatforms) = preSolution
		Debug|Any CPU = Debug|Any CPU
		Release|Any CPU = Release|Any CPU
	EndGlobalSection
	GlobalSection(ProjectConfigurationPlatforms) = postSolution
		{F1F5F45C-33EB-4F38-9FFE-827D7DFBC86B}.Debug|Any CPU.ActiveCfg = Debug|Any CPU
		{F1F5F45C-33EB-4F38-9FFE-827D7DFBC86B}.Debug|Any CPU.Build.0 = Debug|Any CPU
		{F1F5F45C-33EB-4F38-9FFE-827D7DFBC86B}.Release|Any CPU.ActiveCfg = Release|Any CPU
		{F1F5F45C-33EB-4F38-9FFE-827D7DFBC86B}.Release|Any CPU.Build.0 = Release|Any CPU
	EndGlobalSection
	GlobalSection(SolutionProperties) = preSolution
		HideSolutionNode = FALSE
	EndGlobalSection
	GlobalSection(ExtensibilityGlobals) = postSolution
		SolutionGuid = {FA3027FE-47AC-48DE-A2D7-DDBD2CF43203}
	EndGlobalSection
EndGlobal
