
Microsoft Visual Studio Solution File, Format Version 12.00
# Visual Studio 15
VisualStudioVersion = 15.0.28010.2016
MinimumVisualStudioVersion = 10.0.40219.1
Project("{FAE04EC0-301F-11D3-BF4B-00C04F79EFBC}") = "Day6", "Day6\Day6.csproj", "{B8760688-719F-46D0-84FF-4970E7627913}"
EndProject
Global
	GlobalSection(SolutionConfigurationPlatforms) = preSolution
		Debug|Any CPU = Debug|Any CPU
		Release|Any CPU = Release|Any CPU
	EndGlobalSection
	GlobalSection(ProjectConfigurationPlatforms) = postSolution
		{B8760688-719F-46D0-84FF-4970E7627913}.Debug|Any CPU.ActiveCfg = Debug|Any CPU
		{B8760688-719F-46D0-84FF-4970E7627913}.Debug|Any CPU.Build.0 = Debug|Any CPU
		{B8760688-719F-46D0-84FF-4970E7627913}.Release|Any CPU.ActiveCfg = Release|Any CPU
		{B8760688-719F-46D0-84FF-4970E7627913}.Release|Any CPU.Build.0 = Release|Any CPU
	EndGlobalSection
	GlobalSection(SolutionProperties) = preSolution
		HideSolutionNode = FALSE
	EndGlobalSection
	GlobalSection(ExtensibilityGlobals) = postSolution
		SolutionGuid = {4D7CFE15-7EB0-459B-AF07-EFDABB60C8FA}
	EndGlobalSection
EndGlobal
