
Microsoft Visual Studio Solution File, Format Version 12.00
# Visual Studio 15
VisualStudioVersion = 15.0.28010.2016
MinimumVisualStudioVersion = 10.0.40219.1
Project("{FAE04EC0-301F-11D3-BF4B-00C04F79EFBC}") = "day4", "day4\day4.csproj", "{86246F2B-EBCC-42FD-AC98-70B8A38A66B8}"
EndProject
Global
	GlobalSection(SolutionConfigurationPlatforms) = preSolution
		Debug|Any CPU = Debug|Any CPU
		Release|Any CPU = Release|Any CPU
	EndGlobalSection
	GlobalSection(ProjectConfigurationPlatforms) = postSolution
		{86246F2B-EBCC-42FD-AC98-70B8A38A66B8}.Debug|Any CPU.ActiveCfg = Debug|Any CPU
		{86246F2B-EBCC-42FD-AC98-70B8A38A66B8}.Debug|Any CPU.Build.0 = Debug|Any CPU
		{86246F2B-EBCC-42FD-AC98-70B8A38A66B8}.Release|Any CPU.ActiveCfg = Release|Any CPU
		{86246F2B-EBCC-42FD-AC98-70B8A38A66B8}.Release|Any CPU.Build.0 = Release|Any CPU
	EndGlobalSection
	GlobalSection(SolutionProperties) = preSolution
		HideSolutionNode = FALSE
	EndGlobalSection
	GlobalSection(ExtensibilityGlobals) = postSolution
		SolutionGuid = {0CA1E150-FA91-4B7C-B00B-8B9122D0DABE}
	EndGlobalSection
EndGlobal
